
Microsoft Visual Studio Solution File, Format Version 12.00
# Visual Studio Version 17
VisualStudioVersion = 17.5.002.0
MinimumVisualStudioVersion = 10.0.40219.1
Project("{9A19103F-16F7-4668-BE54-9A1E7A4F7556}") = "registromercy_developers", "registromercy_developers.csproj", "{50C32C94-01D3-44C7-BDA7-4AC24D9BBBFE}"
EndProject
Global
	GlobalSection(SolutionConfigurationPlatforms) = preSolution
		Debug|Any CPU = Debug|Any CPU
		Release|Any CPU = Release|Any CPU
	EndGlobalSection
	GlobalSection(ProjectConfigurationPlatforms) = postSolution
		{50C32C94-01D3-44C7-BDA7-4AC24D9BBBFE}.Debug|Any CPU.ActiveCfg = Debug|Any CPU
		{50C32C94-01D3-44C7-BDA7-4AC24D9BBBFE}.Debug|Any CPU.Build.0 = Debug|Any CPU
		{50C32C94-01D3-44C7-BDA7-4AC24D9BBBFE}.Release|Any CPU.ActiveCfg = Release|Any CPU
		{50C32C94-01D3-44C7-BDA7-4AC24D9BBBFE}.Release|Any CPU.Build.0 = Release|Any CPU
	EndGlobalSection
	GlobalSection(SolutionProperties) = preSolution
		HideSolutionNode = FALSE
	EndGlobalSection
	GlobalSection(ExtensibilityGlobals) = postSolution
		SolutionGuid = {A4853C5C-4743-4F71-AB64-865CC5E81B70}
	EndGlobalSection
EndGlobal
